// !$*UTF8*$!
{
	archiveVersion = 1;
	classes = {
	};
	objectVersion = 46;
	objects = {

/* Begin PBXBuildFile section */
		5B0A90F91D39ABCF00067D31 /* main.m in Sources */ = {isa = PBXBuildFile; fileRef = 5B0A90F81D39ABCF00067D31 /* main.m */; };
		5B0A90FC1D39ABCF00067D31 /* AppDelegate.m in Sources */ = {isa = PBXBuildFile; fileRef = 5B0A90FB1D39ABCF00067D31 /* AppDelegate.m */; };
		5B0A90FF1D39ABCF00067D31 /* Home.m in Sources */ = {isa = PBXBuildFile; fileRef = 5B0A90FE1D39ABCF00067D31 /* Home.m */; };
		5B0A91021D39ABCF00067D31 /* Main.storyboard in Resources */ = {isa = PBXBuildFile; fileRef = 5B0A91001D39ABCF00067D31 /* Main.storyboard */; };
		5B0A91051D39ABCF00067D31 /* Web_Services.xcdatamodeld in Sources */ = {isa = PBXBuildFile; fileRef = 5B0A91031D39ABCF00067D31 /* Web_Services.xcdatamodeld */; };
		5B0A91071D39ABCF00067D31 /* Assets.xcassets in Resources */ = {isa = PBXBuildFile; fileRef = 5B0A91061D39ABCF00067D31 /* Assets.xcassets */; };
		5B0A910A1D39ABCF00067D31 /* LaunchScreen.storyboard in Resources */ = {isa = PBXBuildFile; fileRef = 5B0A91081D39ABCF00067D31 /* LaunchScreen.storyboard */; };
		5B0A912E1D39AF4D00067D31 /* NSDictionary+ObjectMapper.m in Sources */ = {isa = PBXBuildFile; fileRef = 5B0A91171D39AF4D00067D31 /* NSDictionary+ObjectMapper.m */; };
		5B0A912F1D39AF4D00067D31 /* NSObject+ObjectMapper.m in Sources */ = {isa = PBXBuildFile; fileRef = 5B0A91191D39AF4D00067D31 /* NSObject+ObjectMapper.m */; };
		5B0A91301D39AF4D00067D31 /* ManagedObjectInstanceProvider.m in Sources */ = {isa = PBXBuildFile; fileRef = 5B0A911D1D39AF4D00067D31 /* ManagedObjectInstanceProvider.m */; };
		5B0A91311D39AF4D00067D31 /* ObjectInstanceProvider.m in Sources */ = {isa = PBXBuildFile; fileRef = 5B0A911F1D39AF4D00067D31 /* ObjectInstanceProvider.m */; };
		5B0A91321D39AF4D00067D31 /* CommonLoggingProvider.m in Sources */ = {isa = PBXBuildFile; fileRef = 5B0A91221D39AF4D00067D31 /* CommonLoggingProvider.m */; };
		5B0A91331D39AF4D00067D31 /* InCodeMappingProvider.m in Sources */ = {isa = PBXBuildFile; fileRef = 5B0A91271D39AF4D00067D31 /* InCodeMappingProvider.m */; };
		5B0A91341D39AF4D00067D31 /* ObjectMapper.m in Sources */ = {isa = PBXBuildFile; fileRef = 5B0A912A1D39AF4D00067D31 /* ObjectMapper.m */; };
		5B0A91351D39AF4D00067D31 /* ObjectMappingInfo.m in Sources */ = {isa = PBXBuildFile; fileRef = 5B0A912C1D39AF4D00067D31 /* ObjectMappingInfo.m */; };
		5B0A91381D39B00600067D31 /* Declarations.m in Sources */ = {isa = PBXBuildFile; fileRef = 5B0A91371D39B00600067D31 /* Declarations.m */; };
		5B0A913B1D39B01800067D31 /* WebServices.m in Sources */ = {isa = PBXBuildFile; fileRef = 5B0A913A1D39B01800067D31 /* WebServices.m */; };
		5B0A913E1D39B02A00067D31 /* Parser.m in Sources */ = {isa = PBXBuildFile; fileRef = 5B0A913D1D39B02A00067D31 /* Parser.m */; };
		5B0A91411D39B04400067D31 /* OCMapperConfig.m in Sources */ = {isa = PBXBuildFile; fileRef = 5B0A91401D39B04400067D31 /* OCMapperConfig.m */; };
/* End PBXBuildFile section */

/* Begin PBXFileReference section */
		5B0A90F41D39ABCE00067D31 /* Web Services.app */ = {isa = PBXFileReference; explicitFileType = wrapper.application; includeInIndex = 0; path = "Web Services.app"; sourceTree = BUILT_PRODUCTS_DIR; };
		5B0A90F81D39ABCF00067D31 /* main.m */ = {isa = PBXFileReference; lastKnownFileType = sourcecode.c.objc; path = main.m; sourceTree = "<group>"; };
		5B0A90FA1D39ABCF00067D31 /* AppDelegate.h */ = {isa = PBXFileReference; lastKnownFileType = sourcecode.c.h; path = AppDelegate.h; sourceTree = "<group>"; };
		5B0A90FB1D39ABCF00067D31 /* AppDelegate.m */ = {isa = PBXFileReference; lastKnownFileType = sourcecode.c.objc; path = AppDelegate.m; sourceTree = "<group>"; };
		5B0A90FD1D39ABCF00067D31 /* Home.h */ = {isa = PBXFileReference; lastKnownFileType = sourcecode.c.h; path = Home.h; sourceTree = "<group>"; };
		5B0A90FE1D39ABCF00067D31 /* Home.m */ = {isa = PBXFileReference; lastKnownFileType = sourcecode.c.objc; path = Home.m; sourceTree = "<group>"; };
		5B0A91011D39ABCF00067D31 /* Base */ = {isa = PBXFileReference; lastKnownFileType = file.storyboard; name = Base; path = Base.lproj/Main.storyboard; sourceTree = "<group>"; };
		5B0A91041D39ABCF00067D31 /* Web_Services.xcdatamodel */ = {isa = PBXFileReference; lastKnownFileType = wrapper.xcdatamodel; path = Web_Services.xcdatamodel; sourceTree = "<group>"; };
		5B0A91061D39ABCF00067D31 /* Assets.xcassets */ = {isa = PBXFileReference; lastKnownFileType = folder.assetcatalog; path = Assets.xcassets; sourceTree = "<group>"; };
		5B0A91091D39ABCF00067D31 /* Base */ = {isa = PBXFileReference; lastKnownFileType = file.storyboard; name = Base; path = Base.lproj/LaunchScreen.storyboard; sourceTree = "<group>"; };
		5B0A910B1D39ABCF00067D31 /* Info.plist */ = {isa = PBXFileReference; lastKnownFileType = text.plist.xml; path = Info.plist; sourceTree = "<group>"; };
		5B0A91161D39AF4D00067D31 /* NSDictionary+ObjectMapper.h */ = {isa = PBXFileReference; fileEncoding = 4; lastKnownFileType = sourcecode.c.h; path = "NSDictionary+ObjectMapper.h"; sourceTree = "<group>"; };
		5B0A91171D39AF4D00067D31 /* NSDictionary+ObjectMapper.m */ = {isa = PBXFileReference; fileEncoding = 4; lastKnownFileType = sourcecode.c.objc; path = "NSDictionary+ObjectMapper.m"; sourceTree = "<group>"; };
		5B0A91181D39AF4D00067D31 /* NSObject+ObjectMapper.h */ = {isa = PBXFileReference; fileEncoding = 4; lastKnownFileType = sourcecode.c.h; path = "NSObject+ObjectMapper.h"; sourceTree = "<group>"; };
		5B0A91191D39AF4D00067D31 /* NSObject+ObjectMapper.m */ = {isa = PBXFileReference; fileEncoding = 4; lastKnownFileType = sourcecode.c.objc; path = "NSObject+ObjectMapper.m"; sourceTree = "<group>"; };
		5B0A911B1D39AF4D00067D31 /* InstanceProvider.h */ = {isa = PBXFileReference; fileEncoding = 4; lastKnownFileType = sourcecode.c.h; path = InstanceProvider.h; sourceTree = "<group>"; };
		5B0A911C1D39AF4D00067D31 /* ManagedObjectInstanceProvider.h */ = {isa = PBXFileReference; fileEncoding = 4; lastKnownFileType = sourcecode.c.h; path = ManagedObjectInstanceProvider.h; sourceTree = "<group>"; };
		5B0A911D1D39AF4D00067D31 /* ManagedObjectInstanceProvider.m */ = {isa = PBXFileReference; fileEncoding = 4; lastKnownFileType = sourcecode.c.objc; path = ManagedObjectInstanceProvider.m; sourceTree = "<group>"; };
		5B0A911E1D39AF4D00067D31 /* ObjectInstanceProvider.h */ = {isa = PBXFileReference; fileEncoding = 4; lastKnownFileType = sourcecode.c.h; path = ObjectInstanceProvider.h; sourceTree = "<group>"; };
		5B0A911F1D39AF4D00067D31 /* ObjectInstanceProvider.m */ = {isa = PBXFileReference; fileEncoding = 4; lastKnownFileType = sourcecode.c.objc; path = ObjectInstanceProvider.m; sourceTree = "<group>"; };
		5B0A91211D39AF4D00067D31 /* CommonLoggingProvider.h */ = {isa = PBXFileReference; fileEncoding = 4; lastKnownFileType = sourcecode.c.h; path = CommonLoggingProvider.h; sourceTree = "<group>"; };
		5B0A91221D39AF4D00067D31 /* CommonLoggingProvider.m */ = {isa = PBXFileReference; fileEncoding = 4; lastKnownFileType = sourcecode.c.objc; path = CommonLoggingProvider.m; sourceTree = "<group>"; };
		5B0A91231D39AF4D00067D31 /* LoggingProvider.h */ = {isa = PBXFileReference; fileEncoding = 4; lastKnownFileType = sourcecode.c.h; path = LoggingProvider.h; sourceTree = "<group>"; };
		5B0A91261D39AF4D00067D31 /* InCodeMappingProvider.h */ = {isa = PBXFileReference; fileEncoding = 4; lastKnownFileType = sourcecode.c.h; path = InCodeMappingProvider.h; sourceTree = "<group>"; };
		5B0A91271D39AF4D00067D31 /* InCodeMappingProvider.m */ = {isa = PBXFileReference; fileEncoding = 4; lastKnownFileType = sourcecode.c.objc; path = InCodeMappingProvider.m; sourceTree = "<group>"; };
		5B0A91281D39AF4D00067D31 /* MappingProvider.h */ = {isa = PBXFileReference; fileEncoding = 4; lastKnownFileType = sourcecode.c.h; path = MappingProvider.h; sourceTree = "<group>"; };
		5B0A91291D39AF4D00067D31 /* ObjectMapper.h */ = {isa = PBXFileReference; fileEncoding = 4; lastKnownFileType = sourcecode.c.h; path = ObjectMapper.h; sourceTree = "<group>"; };
		5B0A912A1D39AF4D00067D31 /* ObjectMapper.m */ = {isa = PBXFileReference; fileEncoding = 4; lastKnownFileType = sourcecode.c.objc; path = ObjectMapper.m; sourceTree = "<group>"; };
		5B0A912B1D39AF4D00067D31 /* ObjectMappingInfo.h */ = {isa = PBXFileReference; fileEncoding = 4; lastKnownFileType = sourcecode.c.h; path = ObjectMappingInfo.h; sourceTree = "<group>"; };
		5B0A912C1D39AF4D00067D31 /* ObjectMappingInfo.m */ = {isa = PBXFileReference; fileEncoding = 4; lastKnownFileType = sourcecode.c.objc; path = ObjectMappingInfo.m; sourceTree = "<group>"; };
		5B0A912D1D39AF4D00067D31 /* OCMapper.h */ = {isa = PBXFileReference; fileEncoding = 4; lastKnownFileType = sourcecode.c.h; path = OCMapper.h; sourceTree = "<group>"; };
		5B0A91361D39B00600067D31 /* Declarations.h */ = {isa = PBXFileReference; fileEncoding = 4; lastKnownFileType = sourcecode.c.h; path = Declarations.h; sourceTree = "<group>"; };
		5B0A91371D39B00600067D31 /* Declarations.m */ = {isa = PBXFileReference; fileEncoding = 4; lastKnownFileType = sourcecode.c.objc; path = Declarations.m; sourceTree = "<group>"; };
		5B0A91391D39B01800067D31 /* WebServices.h */ = {isa = PBXFileReference; fileEncoding = 4; lastKnownFileType = sourcecode.c.h; path = WebServices.h; sourceTree = "<group>"; };
		5B0A913A1D39B01800067D31 /* WebServices.m */ = {isa = PBXFileReference; fileEncoding = 4; lastKnownFileType = sourcecode.c.objc; path = WebServices.m; sourceTree = "<group>"; };
		5B0A913C1D39B02A00067D31 /* Parser.h */ = {isa = PBXFileReference; fileEncoding = 4; lastKnownFileType = sourcecode.c.h; path = Parser.h; sourceTree = "<group>"; };
		5B0A913D1D39B02A00067D31 /* Parser.m */ = {isa = PBXFileReference; fileEncoding = 4; lastKnownFileType = sourcecode.c.objc; path = Parser.m; sourceTree = "<group>"; };
		5B0A913F1D39B04400067D31 /* OCMapperConfig.h */ = {isa = PBXFileReference; fileEncoding = 4; lastKnownFileType = sourcecode.c.h; path = OCMapperConfig.h; sourceTree = "<group>"; };
		5B0A91401D39B04400067D31 /* OCMapperConfig.m */ = {isa = PBXFileReference; fileEncoding = 4; lastKnownFileType = sourcecode.c.objc; path = OCMapperConfig.m; sourceTree = "<group>"; };
/* End PBXFileReference section */

/* Begin PBXFrameworksBuildPhase section */
		5B0A90F11D39ABCE00067D31 /* Frameworks */ = {
			isa = PBXFrameworksBuildPhase;
			buildActionMask = 2147483647;
			files = (
			);
			runOnlyForDeploymentPostprocessing = 0;
		};
/* End PBXFrameworksBuildPhase section */

/* Begin PBXGroup section */
		5B0A90EB1D39ABCE00067D31 = {
			isa = PBXGroup;
			children = (
				5B0A90F61D39ABCE00067D31 /* Web Services */,
				5B0A90F51D39ABCE00067D31 /* Products */,
			);
			sourceTree = "<group>";
		};
		5B0A90F51D39ABCE00067D31 /* Products */ = {
			isa = PBXGroup;
			children = (
				5B0A90F41D39ABCE00067D31 /* Web Services.app */,
			);
			name = Products;
			sourceTree = "<group>";
		};
		5B0A90F61D39ABCE00067D31 /* Web Services */ = {
			isa = PBXGroup;
			children = (
				5B0A91131D39AE6400067D31 /* Classes */,
				5B0A91121D39AC5000067D31 /* Controllers */,
				5B0A91111D39AC4900067D31 /* Main */,
				5B0A91001D39ABCF00067D31 /* Main.storyboard */,
				5B0A91061D39ABCF00067D31 /* Assets.xcassets */,
				5B0A91081D39ABCF00067D31 /* LaunchScreen.storyboard */,
				5B0A910B1D39ABCF00067D31 /* Info.plist */,
				5B0A91031D39ABCF00067D31 /* Web_Services.xcdatamodeld */,
				5B0A90F71D39ABCE00067D31 /* Supporting Files */,
			);
			path = "Web Services";
			sourceTree = "<group>";
		};
		5B0A90F71D39ABCE00067D31 /* Supporting Files */ = {
			isa = PBXGroup;
			children = (
				5B0A90F81D39ABCF00067D31 /* main.m */,
			);
			name = "Supporting Files";
			sourceTree = "<group>";
		};
		5B0A91111D39AC4900067D31 /* Main */ = {
			isa = PBXGroup;
			children = (
				5B0A90FA1D39ABCF00067D31 /* AppDelegate.h */,
				5B0A90FB1D39ABCF00067D31 /* AppDelegate.m */,
				5B0A91361D39B00600067D31 /* Declarations.h */,
				5B0A91371D39B00600067D31 /* Declarations.m */,
				5B0A91391D39B01800067D31 /* WebServices.h */,
				5B0A913A1D39B01800067D31 /* WebServices.m */,
				5B0A913C1D39B02A00067D31 /* Parser.h */,
				5B0A913D1D39B02A00067D31 /* Parser.m */,
				5B0A913F1D39B04400067D31 /* OCMapperConfig.h */,
				5B0A91401D39B04400067D31 /* OCMapperConfig.m */,
			);
			name = Main;
			sourceTree = "<group>";
		};
		5B0A91121D39AC5000067D31 /* Controllers */ = {
			isa = PBXGroup;
			children = (
				5B0A90FD1D39ABCF00067D31 /* Home.h */,
				5B0A90FE1D39ABCF00067D31 /* Home.m */,
			);
			name = Controllers;
			sourceTree = "<group>";
		};
		5B0A91131D39AE6400067D31 /* Classes */ = {
			isa = PBXGroup;
			children = (
				5B0A91141D39AF4D00067D31 /* ocmapper */,
			);
			name = Classes;
			sourceTree = "<group>";
		};
		5B0A91141D39AF4D00067D31 /* ocmapper */ = {
			isa = PBXGroup;
			children = (
				5B0A91151D39AF4D00067D31 /* Categories */,
				5B0A911A1D39AF4D00067D31 /* Instance Provider */,
				5B0A91201D39AF4D00067D31 /* Logging Provider */,
				5B0A91241D39AF4D00067D31 /* Mapping Provider */,
				5B0A91291D39AF4D00067D31 /* ObjectMapper.h */,
				5B0A912A1D39AF4D00067D31 /* ObjectMapper.m */,
				5B0A912B1D39AF4D00067D31 /* ObjectMappingInfo.h */,
				5B0A912C1D39AF4D00067D31 /* ObjectMappingInfo.m */,
				5B0A912D1D39AF4D00067D31 /* OCMapper.h */,
			);
			path = ocmapper;
			sourceTree = "<group>";
		};
		5B0A91151D39AF4D00067D31 /* Categories */ = {
			isa = PBXGroup;
			children = (
				5B0A91161D39AF4D00067D31 /* NSDictionary+ObjectMapper.h */,
				5B0A91171D39AF4D00067D31 /* NSDictionary+ObjectMapper.m */,
				5B0A91181D39AF4D00067D31 /* NSObject+ObjectMapper.h */,
				5B0A91191D39AF4D00067D31 /* NSObject+ObjectMapper.m */,
			);
			path = Categories;
			sourceTree = "<group>";
		};
		5B0A911A1D39AF4D00067D31 /* Instance Provider */ = {
			isa = PBXGroup;
			children = (
				5B0A911B1D39AF4D00067D31 /* InstanceProvider.h */,
				5B0A911C1D39AF4D00067D31 /* ManagedObjectInstanceProvider.h */,
				5B0A911D1D39AF4D00067D31 /* ManagedObjectInstanceProvider.m */,
				5B0A911E1D39AF4D00067D31 /* ObjectInstanceProvider.h */,
				5B0A911F1D39AF4D00067D31 /* ObjectInstanceProvider.m */,
			);
			path = "Instance Provider";
			sourceTree = "<group>";
		};
		5B0A91201D39AF4D00067D31 /* Logging Provider */ = {
			isa = PBXGroup;
			children = (
				5B0A91211D39AF4D00067D31 /* CommonLoggingProvider.h */,
				5B0A91221D39AF4D00067D31 /* CommonLoggingProvider.m */,
				5B0A91231D39AF4D00067D31 /* LoggingProvider.h */,
			);
			path = "Logging Provider";
			sourceTree = "<group>";
		};
		5B0A91241D39AF4D00067D31 /* Mapping Provider */ = {
			isa = PBXGroup;
			children = (
				5B0A91251D39AF4D00067D31 /* In Code Mapping */,
				5B0A91281D39AF4D00067D31 /* MappingProvider.h */,
			);
			path = "Mapping Provider";
			sourceTree = "<group>";
		};
		5B0A91251D39AF4D00067D31 /* In Code Mapping */ = {
			isa = PBXGroup;
			children = (
				5B0A91261D39AF4D00067D31 /* InCodeMappingProvider.h */,
				5B0A91271D39AF4D00067D31 /* InCodeMappingProvider.m */,
			);
			path = "In Code Mapping";
			sourceTree = "<group>";
		};
/* End PBXGroup section */

/* Begin PBXNativeTarget section */
		5B0A90F31D39ABCE00067D31 /* Web Services */ = {
			isa = PBXNativeTarget;
			buildConfigurationList = 5B0A910E1D39ABCF00067D31 /* Build configuration list for PBXNativeTarget "Web Services" */;
			buildPhases = (
				5B0A90F01D39ABCE00067D31 /* Sources */,
				5B0A90F11D39ABCE00067D31 /* Frameworks */,
				5B0A90F21D39ABCE00067D31 /* Resources */,
			);
			buildRules = (
			);
			dependencies = (
			);
			name = "Web Services";
			productName = "Web Services";
			productReference = 5B0A90F41D39ABCE00067D31 /* Web Services.app */;
			productType = "com.apple.product-type.application";
		};
/* End PBXNativeTarget section */

/* Begin PBXProject section */
		5B0A90EC1D39ABCE00067D31 /* Project object */ = {
			isa = PBXProject;
			attributes = {
				LastUpgradeCheck = 0730;
				ORGANIZATIONNAME = UAG;
				TargetAttributes = {
					5B0A90F31D39ABCE00067D31 = {
						CreatedOnToolsVersion = 7.3.1;
					};
				};
			};
			buildConfigurationList = 5B0A90EF1D39ABCE00067D31 /* Build configuration list for PBXProject "Web Services" */;
			compatibilityVersion = "Xcode 3.2";
			developmentRegion = English;
			hasScannedForEncodings = 0;
			knownRegions = (
				en,
				Base,
			);
			mainGroup = 5B0A90EB1D39ABCE00067D31;
			productRefGroup = 5B0A90F51D39ABCE00067D31 /* Products */;
			projectDirPath = "";
			projectRoot = "";
			targets = (
				5B0A90F31D39ABCE00067D31 /* Web Services */,
			);
		};
/* End PBXProject section */

/* Begin PBXResourcesBuildPhase section */
		5B0A90F21D39ABCE00067D31 /* Resources */ = {
			isa = PBXResourcesBuildPhase;
			buildActionMask = 2147483647;
			files = (
				5B0A910A1D39ABCF00067D31 /* LaunchScreen.storyboard in Resources */,
				5B0A91071D39ABCF00067D31 /* Assets.xcassets in Resources */,
				5B0A91021D39ABCF00067D31 /* Main.storyboard in Resources */,
			);
			runOnlyForDeploymentPostprocessing = 0;
		};
/* End PBXResourcesBuildPhase section */

/* Begin PBXSourcesBuildPhase section */
		5B0A90F01D39ABCE00067D31 /* Sources */ = {
			isa = PBXSourcesBuildPhase;
			buildActionMask = 2147483647;
			files = (
				5B0A90FF1D39ABCF00067D31 /* Home.m in Sources */,
				5B0A91341D39AF4D00067D31 /* ObjectMapper.m in Sources */,
				5B0A913B1D39B01800067D31 /* WebServices.m in Sources */,
				5B0A91331D39AF4D00067D31 /* InCodeMappingProvider.m in Sources */,
				5B0A913E1D39B02A00067D31 /* Parser.m in Sources */,
				5B0A90FC1D39ABCF00067D31 /* AppDelegate.m in Sources */,
				5B0A91311D39AF4D00067D31 /* ObjectInstanceProvider.m in Sources */,
				5B0A91051D39ABCF00067D31 /* Web_Services.xcdatamodeld in Sources */,
				5B0A91411D39B04400067D31 /* OCMapperConfig.m in Sources */,
				5B0A912F1D39AF4D00067D31 /* NSObject+ObjectMapper.m in Sources */,
				5B0A90F91D39ABCF00067D31 /* main.m in Sources */,
				5B0A91321D39AF4D00067D31 /* CommonLoggingProvider.m in Sources */,
				5B0A91381D39B00600067D31 /* Declarations.m in Sources */,
				5B0A91351D39AF4D00067D31 /* ObjectMappingInfo.m in Sources */,
				5B0A912E1D39AF4D00067D31 /* NSDictionary+ObjectMapper.m in Sources */,
				5B0A91301D39AF4D00067D31 /* ManagedObjectInstanceProvider.m in Sources */,
			);
			runOnlyForDeploymentPostprocessing = 0;
		};
/* End PBXSourcesBuildPhase section */

/* Begin PBXVariantGroup section */
		5B0A91001D39ABCF00067D31 /* Main.storyboard */ = {
			isa = PBXVariantGroup;
			children = (
				5B0A91011D39ABCF00067D31 /* Base */,
			);
			name = Main.storyboard;
			sourceTree = "<group>";
		};
		5B0A91081D39ABCF00067D31 /* LaunchScreen.storyboard */ = {
			isa = PBXVariantGroup;
			children = (
				5B0A91091D39ABCF00067D31 /* Base */,
			);
			name = LaunchScreen.storyboard;
			sourceTree = "<group>";
		};
/* End PBXVariantGroup section */

/* Begin XCBuildConfiguration section */
		5B0A910C1D39ABCF00067D31 /* Debug */ = {
			isa = XCBuildConfiguration;
			buildSettings = {
				ALWAYS_SEARCH_USER_PATHS = NO;
				CLANG_ANALYZER_NONNULL = YES;
				CLANG_CXX_LANGUAGE_STANDARD = "gnu++0x";
				CLANG_CXX_LIBRARY = "libc++";
				CLANG_ENABLE_MODULES = YES;
				CLANG_ENABLE_OBJC_ARC = YES;
				CLANG_WARN_BOOL_CONVERSION = YES;
				CLANG_WARN_CONSTANT_CONVERSION = YES;
				CLANG_WARN_DIRECT_OBJC_ISA_USAGE = YES_ERROR;
				CLANG_WARN_EMPTY_BODY = YES;
				CLANG_WARN_ENUM_CONVERSION = YES;
				CLANG_WARN_INT_CONVERSION = YES;
				CLANG_WARN_OBJC_ROOT_CLASS = YES_ERROR;
				CLANG_WARN_UNREACHABLE_CODE = YES;
				CLANG_WARN__DUPLICATE_METHOD_MATCH = YES;
				"CODE_SIGN_IDENTITY[sdk=iphoneos*]" = "iPhone Developer";
				COPY_PHASE_STRIP = NO;
				DEBUG_INFORMATION_FORMAT = dwarf;
				ENABLE_STRICT_OBJC_MSGSEND = YES;
				ENABLE_TESTABILITY = YES;
				GCC_C_LANGUAGE_STANDARD = gnu99;
				GCC_DYNAMIC_NO_PIC = NO;
				GCC_NO_COMMON_BLOCKS = YES;
				GCC_OPTIMIZATION_LEVEL = 0;
				GCC_PREPROCESSOR_DEFINITIONS = (
					"DEBUG=1",
					"$(inherited)",
				);
				GCC_WARN_64_TO_32_BIT_CONVERSION = YES;
				GCC_WARN_ABOUT_RETURN_TYPE = YES_ERROR;
				GCC_WARN_UNDECLARED_SELECTOR = YES;
				GCC_WARN_UNINITIALIZED_AUTOS = YES_AGGRESSIVE;
				GCC_WARN_UNUSED_FUNCTION = YES;
				GCC_WARN_UNUSED_VARIABLE = YES;
				IPHONEOS_DEPLOYMENT_TARGET = 9.3;
				MTL_ENABLE_DEBUG_INFO = YES;
				ONLY_ACTIVE_ARCH = YES;
				SDKROOT = iphoneos;
			};
			name = Debug;
		};
		5B0A910D1D39ABCF00067D31 /* Release */ = {
			isa = XCBuildConfiguration;
			buildSettings = {
				ALWAYS_SEARCH_USER_PATHS = NO;
				CLANG_ANALYZER_NONNULL = YES;
				CLANG_CXX_LANGUAGE_STANDARD = "gnu++0x";
				CLANG_CXX_LIBRARY = "libc++";
				CLANG_ENABLE_MODULES = YES;
				CLANG_ENABLE_OBJC_ARC = YES;
				CLANG_WARN_BOOL_CONVERSION = YES;
				CLANG_WARN_CONSTANT_CONVERSION = YES;
				CLANG_WARN_DIRECT_OBJC_ISA_USAGE = YES_ERROR;
				CLANG_WARN_EMPTY_BODY = YES;
				CLANG_WARN_ENUM_CONVERSION = YES;
				CLANG_WARN_INT_CONVERSION = YES;
				CLANG_WARN_OBJC_ROOT_CLASS = YES_ERROR;
				CLANG_WARN_UNREACHABLE_CODE = YES;
				CLANG_WARN__DUPLICATE_METHOD_MATCH = YES;
				"CODE_SIGN_IDENTITY[sdk=iphoneos*]" = "iPhone Developer";
				COPY_PHASE_STRIP = NO;
				DEBUG_INFORMATION_FORMAT = "dwarf-with-dsym";
				ENABLE_NS_ASSERTIONS = NO;
				ENABLE_STRICT_OBJC_MSGSEND = YES;
				GCC_C_LANGUAGE_STANDARD = gnu99;
				GCC_NO_COMMON_BLOCKS = YES;
				GCC_WARN_64_TO_32_BIT_CONVERSION = YES;
				GCC_WARN_ABOUT_RETURN_TYPE = YES_ERROR;
				GCC_WARN_UNDECLARED_SELECTOR = YES;
				GCC_WARN_UNINITIALIZED_AUTOS = YES_AGGRESSIVE;
				GCC_WARN_UNUSED_FUNCTION = YES;
				GCC_WARN_UNUSED_VARIABLE = YES;
				IPHONEOS_DEPLOYMENT_TARGET = 9.3;
				MTL_ENABLE_DEBUG_INFO = NO;
				SDKROOT = iphoneos;
				VALIDATE_PRODUCT = YES;
			};
			name = Release;
		};
		5B0A910F1D39ABCF00067D31 /* Debug */ = {
			isa = XCBuildConfiguration;
			buildSettings = {
				ASSETCATALOG_COMPILER_APPICON_NAME = AppIcon;
				INFOPLIST_FILE = "Web Services/Info.plist";
				LD_RUNPATH_SEARCH_PATHS = "$(inherited) @executable_path/Frameworks";
				PRODUCT_BUNDLE_IDENTIFIER = "com.UAG.Web-Services";
				PRODUCT_NAME = "$(TARGET_NAME)";
			};
			name = Debug;
		};
		5B0A91101D39ABCF00067D31 /* Release */ = {
			isa = XCBuildConfiguration;
			buildSettings = {
				ASSETCATALOG_COMPILER_APPICON_NAME = AppIcon;
				INFOPLIST_FILE = "Web Services/Info.plist";
				LD_RUNPATH_SEARCH_PATHS = "$(inherited) @executable_path/Frameworks";
				PRODUCT_BUNDLE_IDENTIFIER = "com.UAG.Web-Services";
				PRODUCT_NAME = "$(TARGET_NAME)";
			};
			name = Release;
		};
/* End XCBuildConfiguration section */

/* Begin XCConfigurationList section */
		5B0A90EF1D39ABCE00067D31 /* Build configuration list for PBXProject "Web Services" */ = {
			isa = XCConfigurationList;
			buildConfigurations = (
				5B0A910C1D39ABCF00067D31 /* Debug */,
				5B0A910D1D39ABCF00067D31 /* Release */,
			);
			defaultConfigurationIsVisible = 0;
			defaultConfigurationName = Release;
		};
		5B0A910E1D39ABCF00067D31 /* Build configuration list for PBXNativeTarget "Web Services" */ = {
			isa = XCConfigurationList;
			buildConfigurations = (
				5B0A910F1D39ABCF00067D31 /* Debug */,
				5B0A91101D39ABCF00067D31 /* Release */,
			);
			defaultConfigurationIsVisible = 0;
		};
/* End XCConfigurationList section */

/* Begin XCVersionGroup section */
		5B0A91031D39ABCF00067D31 /* Web_Services.xcdatamodeld */ = {
			isa = XCVersionGroup;
			children = (
				5B0A91041D39ABCF00067D31 /* Web_Services.xcdatamodel */,
			);
			currentVersion = 5B0A91041D39ABCF00067D31 /* Web_Services.xcdatamodel */;
			path = Web_Services.xcdatamodeld;
			sourceTree = "<group>";
			versionGroupType = wrapper.xcdatamodel;
		};
/* End XCVersionGroup section */
	};
	rootObject = 5B0A90EC1D39ABCE00067D31 /* Project object */;
}
